
Microsoft Visual Studio Solution File, Format Version 12.00
# Visual Studio 15
VisualStudioVersion = 15.0.28307.329
MinimumVisualStudioVersion = 10.0.40219.1
Project("{FAE04EC0-301F-11D3-BF4B-00C04F79EFBC}") = "ImagesConverter", "ImagesConverter\ImagesConverter.csproj", "{51C74746-8F29-43E0-B2A4-245F7F31E74D}"
EndProject
Global
	GlobalSection(SolutionConfigurationPlatforms) = preSolution
		Debug|Any CPU = Debug|Any CPU
		Release|Any CPU = Release|Any CPU
	EndGlobalSection
	GlobalSection(ProjectConfigurationPlatforms) = postSolution
		{51C74746-8F29-43E0-B2A4-245F7F31E74D}.Debug|Any CPU.ActiveCfg = Debug|Any CPU
		{51C74746-8F29-43E0-B2A4-245F7F31E74D}.Debug|Any CPU.Build.0 = Debug|Any CPU
		{51C74746-8F29-43E0-B2A4-245F7F31E74D}.Release|Any CPU.ActiveCfg = Release|Any CPU
		{51C74746-8F29-43E0-B2A4-245F7F31E74D}.Release|Any CPU.Build.0 = Release|Any CPU
	EndGlobalSection
	GlobalSection(SolutionProperties) = preSolution
		HideSolutionNode = FALSE
	EndGlobalSection
	GlobalSection(ExtensibilityGlobals) = postSolution
		SolutionGuid = {9D6D50D6-3AEB-4742-9C9D-AEB0525983DB}
	EndGlobalSection
EndGlobal
